
Microsoft Visual Studio Solution File, Format Version 12.00
# Visual Studio Version 17
VisualStudioVersion = 17.14.36401.2 d17.14
MinimumVisualStudioVersion = 10.0.40219.1
Project("{FAE04EC0-301F-11D3-BF4B-00C04F79EFBC}") = "TimeScaleAPI", "TimeScaleAPI.csproj", "{709DBF3E-2668-9D4B-BC05-59F5A9A8F17A}"
EndProject
Global
	GlobalSection(SolutionConfigurationPlatforms) = preSolution
		Debug|Any CPU = Debug|Any CPU
		Release|Any CPU = Release|Any CPU
	EndGlobalSection
	GlobalSection(ProjectConfigurationPlatforms) = postSolution
		{709DBF3E-2668-9D4B-BC05-59F5A9A8F17A}.Debug|Any CPU.ActiveCfg = Debug|Any CPU
		{709DBF3E-2668-9D4B-BC05-59F5A9A8F17A}.Debug|Any CPU.Build.0 = Debug|Any CPU
		{709DBF3E-2668-9D4B-BC05-59F5A9A8F17A}.Release|Any CPU.ActiveCfg = Release|Any CPU
		{709DBF3E-2668-9D4B-BC05-59F5A9A8F17A}.Release|Any CPU.Build.0 = Release|Any CPU
	EndGlobalSection
	GlobalSection(SolutionProperties) = preSolution
		HideSolutionNode = FALSE
	EndGlobalSection
	GlobalSection(ExtensibilityGlobals) = postSolution
		SolutionGuid = {6449B49C-0A94-4677-852C-2AB8B6D80261}
	EndGlobalSection
EndGlobal
